
Microsoft Visual Studio Solution File, Format Version 12.00
# Visual Studio Version 16
VisualStudioVersion = 16.0.30114.105
MinimumVisualStudioVersion = 10.0.40219.1
Project("{FAE04EC0-301F-11D3-BF4B-00C04F79EFBC}") = "DraplusApi", "DraplusApi\DraplusApi.csproj", "{73773F81-D6E0-4416-8DD8-4384F3858991}"
EndProject
Project("{FAE04EC0-301F-11D3-BF4B-00C04F79EFBC}") = "DraplusApiTest", "DraplusApiTest\DraplusApiTest.csproj", "{D10DCDB3-BFAD-442F-9242-EE9BD2721436}"
EndProject
Global
	GlobalSection(SolutionConfigurationPlatforms) = preSolution
		Debug|Any CPU = Debug|Any CPU
		Release|Any CPU = Release|Any CPU
	EndGlobalSection
	GlobalSection(SolutionProperties) = preSolution
		HideSolutionNode = FALSE
	EndGlobalSection
	GlobalSection(ProjectConfigurationPlatforms) = postSolution
		{73773F81-D6E0-4416-8DD8-4384F3858991}.Debug|Any CPU.ActiveCfg = Debug|Any CPU
		{73773F81-D6E0-4416-8DD8-4384F3858991}.Debug|Any CPU.Build.0 = Debug|Any CPU
		{73773F81-D6E0-4416-8DD8-4384F3858991}.Release|Any CPU.ActiveCfg = Release|Any CPU
		{73773F81-D6E0-4416-8DD8-4384F3858991}.Release|Any CPU.Build.0 = Release|Any CPU
		{D10DCDB3-BFAD-442F-9242-EE9BD2721436}.Debug|Any CPU.ActiveCfg = Debug|Any CPU
		{D10DCDB3-BFAD-442F-9242-EE9BD2721436}.Debug|Any CPU.Build.0 = Debug|Any CPU
		{D10DCDB3-BFAD-442F-9242-EE9BD2721436}.Release|Any CPU.ActiveCfg = Release|Any CPU
		{D10DCDB3-BFAD-442F-9242-EE9BD2721436}.Release|Any CPU.Build.0 = Release|Any CPU
	EndGlobalSection
EndGlobal
